// !$*UTF8*$!
{
	archiveVersion = 1;
	classes = {
	};
	objectVersion = 48;
	objects = {

/* Begin PBXAggregateTarget section */
		71004BCB1FFBD5A900BECFCC /* Run SwiftGen */ = {
			isa = PBXAggregateTarget;
			buildConfigurationList = 71004BCC1FFBD5A900BECFCC /* Build configuration list for PBXAggregateTarget "Run SwiftGen" */;
			buildPhases = (
				71004BCF1FFBD68E00BECFCC /* ShellScript */,
			);
			dependencies = (
			);
			name = "Run SwiftGen";
			productName = "Run SwiftGen";
		};
/* End PBXAggregateTarget section */

/* Begin PBXBuildFile section */
		22D552B3C4F8877E1A539B10 /* Pods_kkt4iosTests.framework in Frameworks */ = {isa = PBXBuildFile; fileRef = C59BDBE73AEC39C5D8B1A7D7 /* Pods_kkt4iosTests.framework */; };
		71004BD61FFBD76700BECFCC /* Localizable.strings in Resources */ = {isa = PBXBuildFile; fileRef = 71004BD41FFBD76700BECFCC /* Localizable.strings */; };
		7170BBA71FFB4D3C00B3B900 /* AppDelegate.swift in Sources */ = {isa = PBXBuildFile; fileRef = 7170BBA61FFB4D3C00B3B900 /* AppDelegate.swift */; };
		7170BBA91FFB4D3C00B3B900 /* HomeViewController.swift in Sources */ = {isa = PBXBuildFile; fileRef = 7170BBA81FFB4D3C00B3B900 /* HomeViewController.swift */; };
		7170BBAE1FFB4D3C00B3B900 /* Images.xcassets in Resources */ = {isa = PBXBuildFile; fileRef = 7170BBAD1FFB4D3C00B3B900 /* Images.xcassets */; };
		7170BBBC1FFB4D3D00B3B900 /* kkt4iosTests.swift in Sources */ = {isa = PBXBuildFile; fileRef = 7170BBBB1FFB4D3D00B3B900 /* kkt4iosTests.swift */; };
		718AFDE31FFD307C005A4F75 /* MyTimeLineViewController.xib in Resources */ = {isa = PBXBuildFile; fileRef = 718AFDE21FFD307C005A4F75 /* MyTimeLineViewController.xib */; };
		718AFDE61FFD35AD005A4F75 /* TimelineCell.swift in Sources */ = {isa = PBXBuildFile; fileRef = 718AFDE51FFD35AD005A4F75 /* TimelineCell.swift */; };
		718AFDE81FFD35B8005A4F75 /* TimelineCell.xib in Resources */ = {isa = PBXBuildFile; fileRef = 718AFDE71FFD35B8005A4F75 /* TimelineCell.xib */; };
		718AFDEC1FFD3B4C005A4F75 /* Reusable.swift in Sources */ = {isa = PBXBuildFile; fileRef = 718AFDEB1FFD3B4C005A4F75 /* Reusable.swift */; };
		71B153B41FFBDEC50031D85E /* HeaderMenu.swift in Sources */ = {isa = PBXBuildFile; fileRef = 71B153B31FFBDEC50031D85E /* HeaderMenu.swift */; };
		71B153B61FFBDED50031D85E /* HeaderMenu.xib in Resources */ = {isa = PBXBuildFile; fileRef = 71B153B51FFBDED50031D85E /* HeaderMenu.xib */; };
		71B153BA1FFC84940031D85E /* HomeViewController.xib in Resources */ = {isa = PBXBuildFile; fileRef = 71B153B91FFC84940031D85E /* HomeViewController.xib */; };
		71B153C11FFC8B700031D85E /* MyTimeLineViewController.swift in Sources */ = {isa = PBXBuildFile; fileRef = 71B153C01FFC8B700031D85E /* MyTimeLineViewController.swift */; };
		71B153C31FFC8B850031D85E /* NotificationViewController.swift in Sources */ = {isa = PBXBuildFile; fileRef = 71B153C21FFC8B850031D85E /* NotificationViewController.swift */; };
		71B153C51FFC8C9C0031D85E /* FavoriteViewController.swift in Sources */ = {isa = PBXBuildFile; fileRef = 71B153C41FFC8C9C0031D85E /* FavoriteViewController.swift */; };
		71B153C71FFC8CFD0031D85E /* LocalTimelineViewController.swift in Sources */ = {isa = PBXBuildFile; fileRef = 71B153C61FFC8CFD0031D85E /* LocalTimelineViewController.swift */; };
		71B153C91FFC8D0E0031D85E /* SearchViewController.swift in Sources */ = {isa = PBXBuildFile; fileRef = 71B153C81FFC8D0E0031D85E /* SearchViewController.swift */; };
		71B153CB1FFC8FE40031D85E /* PagedViewControllerBase.swift in Sources */ = {isa = PBXBuildFile; fileRef = 71B153CA1FFC8FE40031D85E /* PagedViewControllerBase.swift */; };
		71B153CD1FFCBAB60031D85E /* PagingScrollView.swift in Sources */ = {isa = PBXBuildFile; fileRef = 71B153CC1FFCBAB60031D85E /* PagingScrollView.swift */; };
		71B153CF1FFCC1650031D85E /* DrawerViewController.swift in Sources */ = {isa = PBXBuildFile; fileRef = 71B153CE1FFCC1650031D85E /* DrawerViewController.swift */; };
		71B153D11FFCDC6C0031D85E /* KatsuFormViewController.swift in Sources */ = {isa = PBXBuildFile; fileRef = 71B153D01FFCDC6C0031D85E /* KatsuFormViewController.swift */; };
		71B153D31FFCDCA00031D85E /* KatsuFormViewController.xib in Resources */ = {isa = PBXBuildFile; fileRef = 71B153D21FFCDCA00031D85E /* KatsuFormViewController.xib */; };
		71B153D61FFCE1930031D85E /* SlideAnimator.swift in Sources */ = {isa = PBXBuildFile; fileRef = 71B153D51FFCE1930031D85E /* SlideAnimator.swift */; };
		71C5B4E92000AD5C00A3CA94 /* TimelineCellData.swift in Sources */ = {isa = PBXBuildFile; fileRef = 71C5B4E82000AD5C00A3CA94 /* TimelineCellData.swift */; };
		71C5B4EB2000C58400A3CA94 /* UIView+Bordered.swift in Sources */ = {isa = PBXBuildFile; fileRef = 71C5B4EA2000C58400A3CA94 /* UIView+Bordered.swift */; };
		71DBCC98200097BD007302DB /* UIButton+AspectFitImage.swift in Sources */ = {isa = PBXBuildFile; fileRef = 71DBCC97200097BD007302DB /* UIButton+AspectFitImage.swift */; };
		E05628980DAEC331C9DEB4A9 /* Pods_kkt4ios.framework in Frameworks */ = {isa = PBXBuildFile; fileRef = 8AC380D065558B2AFCECE80A /* Pods_kkt4ios.framework */; };
/* End PBXBuildFile section */

/* Begin PBXContainerItemProxy section */
		7170BBB81FFB4D3D00B3B900 /* PBXContainerItemProxy */ = {
			isa = PBXContainerItemProxy;
			containerPortal = 7170BB9B1FFB4D3C00B3B900 /* Project object */;
			proxyType = 1;
			remoteGlobalIDString = 7170BBA21FFB4D3C00B3B900;
			remoteInfo = kkt4ios;
		};
/* End PBXContainerItemProxy section */

/* Begin PBXFileReference section */
		080C5769FD27E8363D7142D6 /* Pods-kkt4iosTests.release.xcconfig */ = {isa = PBXFileReference; includeInIndex = 1; lastKnownFileType = text.xcconfig; name = "Pods-kkt4iosTests.release.xcconfig"; path = "Pods/Target Support Files/Pods-kkt4iosTests/Pods-kkt4iosTests.release.xcconfig"; sourceTree = "<group>"; };
		45DD0DA9CC208A540204E150 /* Pods-kkt4ios.release.xcconfig */ = {isa = PBXFileReference; includeInIndex = 1; lastKnownFileType = text.xcconfig; name = "Pods-kkt4ios.release.xcconfig"; path = "Pods/Target Support Files/Pods-kkt4ios/Pods-kkt4ios.release.xcconfig"; sourceTree = "<group>"; };
		5C8311124B8868CE3F928C0D /* Pods-kkt4ios.debug.xcconfig */ = {isa = PBXFileReference; includeInIndex = 1; lastKnownFileType = text.xcconfig; name = "Pods-kkt4ios.debug.xcconfig"; path = "Pods/Target Support Files/Pods-kkt4ios/Pods-kkt4ios.debug.xcconfig"; sourceTree = "<group>"; };
		71004BD41FFBD76700BECFCC /* Localizable.strings */ = {isa = PBXFileReference; lastKnownFileType = text.plist.strings; path = Localizable.strings; sourceTree = "<group>"; };
		71004BD51FFBD76700BECFCC /* Colors.json */ = {isa = PBXFileReference; lastKnownFileType = text.json; path = Colors.json; sourceTree = "<group>"; };
		71004BD71FFBD8E900BECFCC /* Constants */ = {isa = PBXFileReference; lastKnownFileType = folder; path = Constants; sourceTree = "<group>"; };
		7170BBA31FFB4D3C00B3B900 /* kkt4ios.app */ = {isa = PBXFileReference; explicitFileType = wrapper.application; includeInIndex = 0; path = kkt4ios.app; sourceTree = BUILT_PRODUCTS_DIR; };
		7170BBA61FFB4D3C00B3B900 /* AppDelegate.swift */ = {isa = PBXFileReference; lastKnownFileType = sourcecode.swift; path = AppDelegate.swift; sourceTree = "<group>"; };
		7170BBA81FFB4D3C00B3B900 /* HomeViewController.swift */ = {isa = PBXFileReference; lastKnownFileType = sourcecode.swift; path = HomeViewController.swift; sourceTree = "<group>"; };
		7170BBAD1FFB4D3C00B3B900 /* Images.xcassets */ = {isa = PBXFileReference; lastKnownFileType = folder.assetcatalog; path = Images.xcassets; sourceTree = "<group>"; };
		7170BBB21FFB4D3C00B3B900 /* Info.plist */ = {isa = PBXFileReference; lastKnownFileType = text.plist.xml; path = Info.plist; sourceTree = "<group>"; };
		7170BBB71FFB4D3D00B3B900 /* kkt4iosTests.xctest */ = {isa = PBXFileReference; explicitFileType = wrapper.cfbundle; includeInIndex = 0; path = kkt4iosTests.xctest; sourceTree = BUILT_PRODUCTS_DIR; };
		7170BBBB1FFB4D3D00B3B900 /* kkt4iosTests.swift */ = {isa = PBXFileReference; lastKnownFileType = sourcecode.swift; path = kkt4iosTests.swift; sourceTree = "<group>"; };
		7170BBBD1FFB4D3D00B3B900 /* Info.plist */ = {isa = PBXFileReference; lastKnownFileType = text.plist.xml; path = Info.plist; sourceTree = "<group>"; };
		718AFDE21FFD307C005A4F75 /* MyTimeLineViewController.xib */ = {isa = PBXFileReference; lastKnownFileType = file.xib; path = MyTimeLineViewController.xib; sourceTree = "<group>"; };
		718AFDE51FFD35AD005A4F75 /* TimelineCell.swift */ = {isa = PBXFileReference; lastKnownFileType = sourcecode.swift; path = TimelineCell.swift; sourceTree = "<group>"; };
		718AFDE71FFD35B8005A4F75 /* TimelineCell.xib */ = {isa = PBXFileReference; lastKnownFileType = file.xib; path = TimelineCell.xib; sourceTree = "<group>"; };
		718AFDEB1FFD3B4C005A4F75 /* Reusable.swift */ = {isa = PBXFileReference; lastKnownFileType = sourcecode.swift; path = Reusable.swift; sourceTree = "<group>"; };
		71B153B31FFBDEC50031D85E /* HeaderMenu.swift */ = {isa = PBXFileReference; lastKnownFileType = sourcecode.swift; path = HeaderMenu.swift; sourceTree = "<group>"; };
		71B153B51FFBDED50031D85E /* HeaderMenu.xib */ = {isa = PBXFileReference; lastKnownFileType = file.xib; path = HeaderMenu.xib; sourceTree = "<group>"; };
		71B153B91FFC84940031D85E /* HomeViewController.xib */ = {isa = PBXFileReference; lastKnownFileType = file.xib; path = HomeViewController.xib; sourceTree = "<group>"; };
		71B153C01FFC8B700031D85E /* MyTimeLineViewController.swift */ = {isa = PBXFileReference; lastKnownFileType = sourcecode.swift; path = MyTimeLineViewController.swift; sourceTree = "<group>"; };
		71B153C21FFC8B850031D85E /* NotificationViewController.swift */ = {isa = PBXFileReference; lastKnownFileType = sourcecode.swift; path = NotificationViewController.swift; sourceTree = "<group>"; };
		71B153C41FFC8C9C0031D85E /* FavoriteViewController.swift */ = {isa = PBXFileReference; lastKnownFileType = sourcecode.swift; path = FavoriteViewController.swift; sourceTree = "<group>"; };
		71B153C61FFC8CFD0031D85E /* LocalTimelineViewController.swift */ = {isa = PBXFileReference; lastKnownFileType = sourcecode.swift; path = LocalTimelineViewController.swift; sourceTree = "<group>"; };
		71B153C81FFC8D0E0031D85E /* SearchViewController.swift */ = {isa = PBXFileReference; lastKnownFileType = sourcecode.swift; path = SearchViewController.swift; sourceTree = "<group>"; };
		71B153CA1FFC8FE40031D85E /* PagedViewControllerBase.swift */ = {isa = PBXFileReference; lastKnownFileType = sourcecode.swift; path = PagedViewControllerBase.swift; sourceTree = "<group>"; };
		71B153CC1FFCBAB60031D85E /* PagingScrollView.swift */ = {isa = PBXFileReference; lastKnownFileType = sourcecode.swift; path = PagingScrollView.swift; sourceTree = "<group>"; };
		71B153CE1FFCC1650031D85E /* DrawerViewController.swift */ = {isa = PBXFileReference; lastKnownFileType = sourcecode.swift; path = DrawerViewController.swift; sourceTree = "<group>"; };
		71B153D01FFCDC6C0031D85E /* KatsuFormViewController.swift */ = {isa = PBXFileReference; lastKnownFileType = sourcecode.swift; path = KatsuFormViewController.swift; sourceTree = "<group>"; };
		71B153D21FFCDCA00031D85E /* KatsuFormViewController.xib */ = {isa = PBXFileReference; lastKnownFileType = file.xib; path = KatsuFormViewController.xib; sourceTree = "<group>"; };
		71B153D51FFCE1930031D85E /* SlideAnimator.swift */ = {isa = PBXFileReference; lastKnownFileType = sourcecode.swift; path = SlideAnimator.swift; sourceTree = "<group>"; };
		71C5B4E82000AD5C00A3CA94 /* TimelineCellData.swift */ = {isa = PBXFileReference; lastKnownFileType = sourcecode.swift; path = TimelineCellData.swift; sourceTree = "<group>"; };
		71C5B4EA2000C58400A3CA94 /* UIView+Bordered.swift */ = {isa = PBXFileReference; lastKnownFileType = sourcecode.swift; path = "UIView+Bordered.swift"; sourceTree = "<group>"; };
		71DBCC97200097BD007302DB /* UIButton+AspectFitImage.swift */ = {isa = PBXFileReference; lastKnownFileType = sourcecode.swift; path = "UIButton+AspectFitImage.swift"; sourceTree = "<group>"; };
		8712E67036F1DFA46E639F46 /* Pods-kkt4iosTests.debug.xcconfig */ = {isa = PBXFileReference; includeInIndex = 1; lastKnownFileType = text.xcconfig; name = "Pods-kkt4iosTests.debug.xcconfig"; path = "Pods/Target Support Files/Pods-kkt4iosTests/Pods-kkt4iosTests.debug.xcconfig"; sourceTree = "<group>"; };
		8AC380D065558B2AFCECE80A /* Pods_kkt4ios.framework */ = {isa = PBXFileReference; explicitFileType = wrapper.framework; includeInIndex = 0; path = Pods_kkt4ios.framework; sourceTree = BUILT_PRODUCTS_DIR; };
		C59BDBE73AEC39C5D8B1A7D7 /* Pods_kkt4iosTests.framework */ = {isa = PBXFileReference; explicitFileType = wrapper.framework; includeInIndex = 0; path = Pods_kkt4iosTests.framework; sourceTree = BUILT_PRODUCTS_DIR; };
/* End PBXFileReference section */

/* Begin PBXFrameworksBuildPhase section */
		7170BBA01FFB4D3C00B3B900 /* Frameworks */ = {
			isa = PBXFrameworksBuildPhase;
			buildActionMask = 2147483647;
			files = (
				E05628980DAEC331C9DEB4A9 /* Pods_kkt4ios.framework in Frameworks */,
			);
			runOnlyForDeploymentPostprocessing = 0;
		};
		7170BBB41FFB4D3D00B3B900 /* Frameworks */ = {
			isa = PBXFrameworksBuildPhase;
			buildActionMask = 2147483647;
			files = (
				22D552B3C4F8877E1A539B10 /* Pods_kkt4iosTests.framework in Frameworks */,
			);
			runOnlyForDeploymentPostprocessing = 0;
		};
/* End PBXFrameworksBuildPhase section */

/* Begin PBXGroup section */
		610B2C778F87B8B51982D72B /* Frameworks */ = {
			isa = PBXGroup;
			children = (
				8AC380D065558B2AFCECE80A /* Pods_kkt4ios.framework */,
				C59BDBE73AEC39C5D8B1A7D7 /* Pods_kkt4iosTests.framework */,
			);
			name = Frameworks;
			sourceTree = "<group>";
		};
		71004BD81FFBDBA000BECFCC /* View */ = {
			isa = PBXGroup;
			children = (
				71B153D41FFCE0F60031D85E /* Transition */,
				7170BBA81FFB4D3C00B3B900 /* HomeViewController.swift */,
				71B153B91FFC84940031D85E /* HomeViewController.xib */,
				71B153C01FFC8B700031D85E /* MyTimeLineViewController.swift */,
				718AFDE21FFD307C005A4F75 /* MyTimeLineViewController.xib */,
				71B153C21FFC8B850031D85E /* NotificationViewController.swift */,
				71B153C41FFC8C9C0031D85E /* FavoriteViewController.swift */,
				71B153C61FFC8CFD0031D85E /* LocalTimelineViewController.swift */,
				71B153C81FFC8D0E0031D85E /* SearchViewController.swift */,
				71B153CA1FFC8FE40031D85E /* PagedViewControllerBase.swift */,
				71B153CE1FFCC1650031D85E /* DrawerViewController.swift */,
				71B153D01FFCDC6C0031D85E /* KatsuFormViewController.swift */,
				71B153D21FFCDCA00031D85E /* KatsuFormViewController.xib */,
			);
			path = View;
			sourceTree = "<group>";
		};
		7170BB9A1FFB4D3C00B3B900 = {
			isa = PBXGroup;
			children = (
				7170BBA51FFB4D3C00B3B900 /* kkt4ios */,
				7170BBBA1FFB4D3D00B3B900 /* kkt4iosTests */,
				610B2C778F87B8B51982D72B /* Frameworks */,
				CFE4CC8574B0F7762EFF9506 /* Pods */,
				7170BBA41FFB4D3C00B3B900 /* Products */,
			);
			sourceTree = "<group>";
		};
		7170BBA41FFB4D3C00B3B900 /* Products */ = {
			isa = PBXGroup;
			children = (
				7170BBA31FFB4D3C00B3B900 /* kkt4ios.app */,
				7170BBB71FFB4D3D00B3B900 /* kkt4iosTests.xctest */,
			);
			name = Products;
			sourceTree = "<group>";
		};
		7170BBA51FFB4D3C00B3B900 /* kkt4ios */ = {
			isa = PBXGroup;
			children = (
				7170BBB21FFB4D3C00B3B900 /* Info.plist */,
				71E815AE1FFBD01700C5FBBB /* resources */,
				71E815AD1FFBD01000C5FBBB /* src */,
			);
			path = kkt4ios;
			sourceTree = "<group>";
		};
		7170BBBA1FFB4D3D00B3B900 /* kkt4iosTests */ = {
			isa = PBXGroup;
			children = (
				7170BBBD1FFB4D3D00B3B900 /* Info.plist */,
				7170BBBB1FFB4D3D00B3B900 /* kkt4iosTests.swift */,
			);
			path = kkt4iosTests;
			sourceTree = "<group>";
		};
		71B153B21FFBDE9E0031D85E /* UI */ = {
			isa = PBXGroup;
			children = (
				71C5B4EC2000C86800A3CA94 /* Extension */,
				71B153B31FFBDEC50031D85E /* HeaderMenu.swift */,
				71B153B51FFBDED50031D85E /* HeaderMenu.xib */,
				71B153CC1FFCBAB60031D85E /* PagingScrollView.swift */,
				718AFDE51FFD35AD005A4F75 /* TimelineCell.swift */,
				718AFDE71FFD35B8005A4F75 /* TimelineCell.xib */,
				718AFDEB1FFD3B4C005A4F75 /* Reusable.swift */,
			);
			path = UI;
			sourceTree = "<group>";
		};
		71B153D41FFCE0F60031D85E /* Transition */ = {
			isa = PBXGroup;
			children = (
				71B153D51FFCE1930031D85E /* SlideAnimator.swift */,
			);
			path = Transition;
			sourceTree = "<group>";
		};
		71C5B4E52000A9FA00A3CA94 /* ViewData */ = {
			isa = PBXGroup;
			children = (
				71C5B4E82000AD5C00A3CA94 /* TimelineCellData.swift */,
			);
			path = ViewData;
			sourceTree = "<group>";
		};
		71C5B4EC2000C86800A3CA94 /* Extension */ = {
			isa = PBXGroup;
			children = (
				71DBCC97200097BD007302DB /* UIButton+AspectFitImage.swift */,
				71C5B4EA2000C58400A3CA94 /* UIView+Bordered.swift */,
			);
			path = Extension;
			sourceTree = "<group>";
		};
		71E815AD1FFBD01000C5FBBB /* src */ = {
			isa = PBXGroup;
			children = (
				71C5B4E52000A9FA00A3CA94 /* ViewData */,
				71B153B21FFBDE9E0031D85E /* UI */,
				71004BD81FFBDBA000BECFCC /* View */,
				71004BD71FFBD8E900BECFCC /* Constants */,
				7170BBA61FFB4D3C00B3B900 /* AppDelegate.swift */,
			);
			path = src;
			sourceTree = "<group>";
		};
		71E815AE1FFBD01700C5FBBB /* resources */ = {
			isa = PBXGroup;
			children = (
				71004BD51FFBD76700BECFCC /* Colors.json */,
				71004BD41FFBD76700BECFCC /* Localizable.strings */,
				7170BBAD1FFB4D3C00B3B900 /* Images.xcassets */,
			);
			path = resources;
			sourceTree = "<group>";
		};
		CFE4CC8574B0F7762EFF9506 /* Pods */ = {
			isa = PBXGroup;
			children = (
				5C8311124B8868CE3F928C0D /* Pods-kkt4ios.debug.xcconfig */,
				45DD0DA9CC208A540204E150 /* Pods-kkt4ios.release.xcconfig */,
				8712E67036F1DFA46E639F46 /* Pods-kkt4iosTests.debug.xcconfig */,
				080C5769FD27E8363D7142D6 /* Pods-kkt4iosTests.release.xcconfig */,
			);
			name = Pods;
			sourceTree = "<group>";
		};
/* End PBXGroup section */

/* Begin PBXNativeTarget section */
		7170BBA21FFB4D3C00B3B900 /* kkt4ios */ = {
			isa = PBXNativeTarget;
			buildConfigurationList = 7170BBC01FFB4D3D00B3B900 /* Build configuration list for PBXNativeTarget "kkt4ios" */;
			buildPhases = (
				3DBBD4506BBD5AD9472D5C0D /* [CP] Check Pods Manifest.lock */,
				7170BB9F1FFB4D3C00B3B900 /* Sources */,
				7170BBA01FFB4D3C00B3B900 /* Frameworks */,
				7170BBA11FFB4D3C00B3B900 /* Resources */,
				F11D899F340F94D0036F629F /* [CP] Embed Pods Frameworks */,
				6B547E07F5FD4BBFABD01A1C /* [CP] Copy Pods Resources */,
			);
			buildRules = (
			);
			dependencies = (
			);
			name = kkt4ios;
			productName = kkt4ios;
			productReference = 7170BBA31FFB4D3C00B3B900 /* kkt4ios.app */;
			productType = "com.apple.product-type.application";
		};
		7170BBB61FFB4D3D00B3B900 /* kkt4iosTests */ = {
			isa = PBXNativeTarget;
			buildConfigurationList = 7170BBC31FFB4D3D00B3B900 /* Build configuration list for PBXNativeTarget "kkt4iosTests" */;
			buildPhases = (
				9FA4BACCBD1CEA51ED9492E9 /* [CP] Check Pods Manifest.lock */,
				7170BBB31FFB4D3D00B3B900 /* Sources */,
				7170BBB41FFB4D3D00B3B900 /* Frameworks */,
				7170BBB51FFB4D3D00B3B900 /* Resources */,
				5CF0C940C5BF7207575B5648 /* [CP] Embed Pods Frameworks */,
				A490651759052A7062754D65 /* [CP] Copy Pods Resources */,
			);
			buildRules = (
			);
			dependencies = (
				7170BBB91FFB4D3D00B3B900 /* PBXTargetDependency */,
			);
			name = kkt4iosTests;
			productName = kkt4iosTests;
			productReference = 7170BBB71FFB4D3D00B3B900 /* kkt4iosTests.xctest */;
			productType = "com.apple.product-type.bundle.unit-test";
		};
/* End PBXNativeTarget section */

/* Begin PBXProject section */
		7170BB9B1FFB4D3C00B3B900 /* Project object */ = {
			isa = PBXProject;
			attributes = {
				LastSwiftUpdateCheck = 0900;
				LastUpgradeCheck = 0900;
				ORGANIZATIONNAME = gomachan_7;
				TargetAttributes = {
					71004BCB1FFBD5A900BECFCC = {
						CreatedOnToolsVersion = 9.0;
						ProvisioningStyle = Automatic;
					};
					7170BBA21FFB4D3C00B3B900 = {
						CreatedOnToolsVersion = 9.0;
						ProvisioningStyle = Automatic;
					};
					7170BBB61FFB4D3D00B3B900 = {
						CreatedOnToolsVersion = 9.0;
						ProvisioningStyle = Automatic;
						TestTargetID = 7170BBA21FFB4D3C00B3B900;
					};
				};
			};
			buildConfigurationList = 7170BB9E1FFB4D3C00B3B900 /* Build configuration list for PBXProject "kkt4ios" */;
			compatibilityVersion = "Xcode 8.0";
			developmentRegion = en;
			hasScannedForEncodings = 0;
			knownRegions = (
				en,
				Base,
			);
			mainGroup = 7170BB9A1FFB4D3C00B3B900;
			productRefGroup = 7170BBA41FFB4D3C00B3B900 /* Products */;
			projectDirPath = "";
			projectRoot = "";
			targets = (
				7170BBA21FFB4D3C00B3B900 /* kkt4ios */,
				7170BBB61FFB4D3D00B3B900 /* kkt4iosTests */,
				71004BCB1FFBD5A900BECFCC /* Run SwiftGen */,
			);
		};
/* End PBXProject section */

/* Begin PBXResourcesBuildPhase section */
		7170BBA11FFB4D3C00B3B900 /* Resources */ = {
			isa = PBXResourcesBuildPhase;
			buildActionMask = 2147483647;
			files = (
				7170BBAE1FFB4D3C00B3B900 /* Images.xcassets in Resources */,
				71B153D31FFCDCA00031D85E /* KatsuFormViewController.xib in Resources */,
				71004BD61FFBD76700BECFCC /* Localizable.strings in Resources */,
				71B153B61FFBDED50031D85E /* HeaderMenu.xib in Resources */,
				71B153BA1FFC84940031D85E /* HomeViewController.xib in Resources */,
				718AFDE31FFD307C005A4F75 /* MyTimeLineViewController.xib in Resources */,
				718AFDE81FFD35B8005A4F75 /* TimelineCell.xib in Resources */,
			);
			runOnlyForDeploymentPostprocessing = 0;
		};
		7170BBB51FFB4D3D00B3B900 /* Resources */ = {
			isa = PBXResourcesBuildPhase;
			buildActionMask = 2147483647;
			files = (
			);
			runOnlyForDeploymentPostprocessing = 0;
		};
/* End PBXResourcesBuildPhase section */

/* Begin PBXShellScriptBuildPhase section */
		3DBBD4506BBD5AD9472D5C0D /* [CP] Check Pods Manifest.lock */ = {
			isa = PBXShellScriptBuildPhase;
			buildActionMask = 2147483647;
			files = (
			);
			inputPaths = (
				"${PODS_PODFILE_DIR_PATH}/Podfile.lock",
				"${PODS_ROOT}/Manifest.lock",
			);
			name = "[CP] Check Pods Manifest.lock";
			outputPaths = (
				"$(DERIVED_FILE_DIR)/Pods-kkt4ios-checkManifestLockResult.txt",
			);
			runOnlyForDeploymentPostprocessing = 0;
			shellPath = /bin/sh;
			shellScript = "diff \"${PODS_PODFILE_DIR_PATH}/Podfile.lock\" \"${PODS_ROOT}/Manifest.lock\" > /dev/null\nif [ $? != 0 ] ; then\n    # print error to STDERR\n    echo \"error: The sandbox is not in sync with the Podfile.lock. Run 'pod install' or update your CocoaPods installation.\" >&2\n    exit 1\nfi\n# This output is used by Xcode 'outputs' to avoid re-running this script phase.\necho \"SUCCESS\" > \"${SCRIPT_OUTPUT_FILE_0}\"\n";
			showEnvVarsInLog = 0;
		};
		5CF0C940C5BF7207575B5648 /* [CP] Embed Pods Frameworks */ = {
			isa = PBXShellScriptBuildPhase;
			buildActionMask = 2147483647;
			files = (
			);
			inputPaths = (
			);
			name = "[CP] Embed Pods Frameworks";
			outputPaths = (
			);
			runOnlyForDeploymentPostprocessing = 0;
			shellPath = /bin/sh;
			shellScript = "\"${SRCROOT}/Pods/Target Support Files/Pods-kkt4iosTests/Pods-kkt4iosTests-frameworks.sh\"\n";
			showEnvVarsInLog = 0;
		};
		6B547E07F5FD4BBFABD01A1C /* [CP] Copy Pods Resources */ = {
			isa = PBXShellScriptBuildPhase;
			buildActionMask = 2147483647;
			files = (
			);
			inputPaths = (
			);
			name = "[CP] Copy Pods Resources";
			outputPaths = (
			);
			runOnlyForDeploymentPostprocessing = 0;
			shellPath = /bin/sh;
			shellScript = "\"${SRCROOT}/Pods/Target Support Files/Pods-kkt4ios/Pods-kkt4ios-resources.sh\"\n";
			showEnvVarsInLog = 0;
		};
		71004BCF1FFBD68E00BECFCC /* ShellScript */ = {
			isa = PBXShellScriptBuildPhase;
			buildActionMask = 2147483647;
			files = (
			);
			inputPaths = (
				"$(SRCROOT)/kkt4ios/resources/Images.xcassets",
				"$(SRCROOT)/kkt4ios/resources/Localizable.strings",
				"$(SRCROOT)/kkt4ios/resources/Colors.json",
			);
			outputPaths = (
				"$(SRCROOT)/kkt4ios/src/constants/resources/Images.swift",
				"$(SRCROOT)/kkt4ios/src/constants/resources/Strings.swift",
				"$(SRCROOT)/kkt4ios/src/constants/resources/Colors.swift",
			);
			runOnlyForDeploymentPostprocessing = 0;
			shellPath = /bin/sh;
			shellScript = "SWIFT_GEN=\"${SRCROOT}/Pods/SwiftGen/bin/swiftgen\"\n\nif which ${SWIFT_GEN} >/dev/null; then\n    ${SWIFT_GEN} xcassets -t swift4 ${SCRIPT_INPUT_FILE_0} --output ${SCRIPT_OUTPUT_FILE_0}\n    ${SWIFT_GEN} strings -t structured-swift4 ${SCRIPT_INPUT_FILE_1} --output ${SCRIPT_OUTPUT_FILE_1}\n    ${SWIFT_GEN} colors -t swift4 ${SCRIPT_INPUT_FILE_2} --output ${SCRIPT_OUTPUT_FILE_2}\nelse\n    echo \"warning: SwiftGen not installed.\"\nfi";
		};
		9FA4BACCBD1CEA51ED9492E9 /* [CP] Check Pods Manifest.lock */ = {
			isa = PBXShellScriptBuildPhase;
			buildActionMask = 2147483647;
			files = (
			);
			inputPaths = (
				"${PODS_PODFILE_DIR_PATH}/Podfile.lock",
				"${PODS_ROOT}/Manifest.lock",
			);
			name = "[CP] Check Pods Manifest.lock";
			outputPaths = (
				"$(DERIVED_FILE_DIR)/Pods-kkt4iosTests-checkManifestLockResult.txt",
			);
			runOnlyForDeploymentPostprocessing = 0;
			shellPath = /bin/sh;
			shellScript = "diff \"${PODS_PODFILE_DIR_PATH}/Podfile.lock\" \"${PODS_ROOT}/Manifest.lock\" > /dev/null\nif [ $? != 0 ] ; then\n    # print error to STDERR\n    echo \"error: The sandbox is not in sync with the Podfile.lock. Run 'pod install' or update your CocoaPods installation.\" >&2\n    exit 1\nfi\n# This output is used by Xcode 'outputs' to avoid re-running this script phase.\necho \"SUCCESS\" > \"${SCRIPT_OUTPUT_FILE_0}\"\n";
			showEnvVarsInLog = 0;
		};
		A490651759052A7062754D65 /* [CP] Copy Pods Resources */ = {
			isa = PBXShellScriptBuildPhase;
			buildActionMask = 2147483647;
			files = (
			);
			inputPaths = (
			);
			name = "[CP] Copy Pods Resources";
			outputPaths = (
			);
			runOnlyForDeploymentPostprocessing = 0;
			shellPath = /bin/sh;
			shellScript = "\"${SRCROOT}/Pods/Target Support Files/Pods-kkt4iosTests/Pods-kkt4iosTests-resources.sh\"\n";
			showEnvVarsInLog = 0;
		};
		F11D899F340F94D0036F629F /* [CP] Embed Pods Frameworks */ = {
			isa = PBXShellScriptBuildPhase;
			buildActionMask = 2147483647;
			files = (
			);
			inputPaths = (
				"${SRCROOT}/Pods/Target Support Files/Pods-kkt4ios/Pods-kkt4ios-frameworks.sh",
				"${BUILT_PRODUCTS_DIR}/KYDrawerController/KYDrawerController.framework",
				"${BUILT_PRODUCTS_DIR}/RxCocoa/RxCocoa.framework",
				"${BUILT_PRODUCTS_DIR}/RxSwift/RxSwift.framework",
				"${BUILT_PRODUCTS_DIR}/XLPagerTabStrip/XLPagerTabStrip.framework",
			);
			name = "[CP] Embed Pods Frameworks";
			outputPaths = (
				"${TARGET_BUILD_DIR}/${FRAMEWORKS_FOLDER_PATH}/KYDrawerController.framework",
				"${TARGET_BUILD_DIR}/${FRAMEWORKS_FOLDER_PATH}/RxCocoa.framework",
				"${TARGET_BUILD_DIR}/${FRAMEWORKS_FOLDER_PATH}/RxSwift.framework",
				"${TARGET_BUILD_DIR}/${FRAMEWORKS_FOLDER_PATH}/XLPagerTabStrip.framework",
			);
			runOnlyForDeploymentPostprocessing = 0;
			shellPath = /bin/sh;
			shellScript = "\"${SRCROOT}/Pods/Target Support Files/Pods-kkt4ios/Pods-kkt4ios-frameworks.sh\"\n";
			showEnvVarsInLog = 0;
		};
/* End PBXShellScriptBuildPhase section */

/* Begin PBXSourcesBuildPhase section */
		7170BB9F1FFB4D3C00B3B900 /* Sources */ = {
			isa = PBXSourcesBuildPhase;
			buildActionMask = 2147483647;
			files = (
				7170BBA91FFB4D3C00B3B900 /* HomeViewController.swift in Sources */,
				71B153C31FFC8B850031D85E /* NotificationViewController.swift in Sources */,
				71B153CB1FFC8FE40031D85E /* PagedViewControllerBase.swift in Sources */,
				71B153C91FFC8D0E0031D85E /* SearchViewController.swift in Sources */,
				71B153C51FFC8C9C0031D85E /* FavoriteViewController.swift in Sources */,
				71B153CF1FFCC1650031D85E /* DrawerViewController.swift in Sources */,
				71B153B41FFBDEC50031D85E /* HeaderMenu.swift in Sources */,
				7170BBA71FFB4D3C00B3B900 /* AppDelegate.swift in Sources */,
				71C5B4EB2000C58400A3CA94 /* UIView+Bordered.swift in Sources */,
				718AFDE61FFD35AD005A4F75 /* TimelineCell.swift in Sources */,
				71B153C11FFC8B700031D85E /* MyTimeLineViewController.swift in Sources */,
				71C5B4E92000AD5C00A3CA94 /* TimelineCellData.swift in Sources */,
				71B153C71FFC8CFD0031D85E /* LocalTimelineViewController.swift in Sources */,
				71DBCC98200097BD007302DB /* UIButton+AspectFitImage.swift in Sources */,
				718AFDEC1FFD3B4C005A4F75 /* Reusable.swift in Sources */,
				71B153CD1FFCBAB60031D85E /* PagingScrollView.swift in Sources */,
				71B153D61FFCE1930031D85E /* SlideAnimator.swift in Sources */,
				71B153D11FFCDC6C0031D85E /* KatsuFormViewController.swift in Sources */,
			);
			runOnlyForDeploymentPostprocessing = 0;
		};
		7170BBB31FFB4D3D00B3B900 /* Sources */ = {
			isa = PBXSourcesBuildPhase;
			buildActionMask = 2147483647;
			files = (
				7170BBBC1FFB4D3D00B3B900 /* kkt4iosTests.swift in Sources */,
			);
			runOnlyForDeploymentPostprocessing = 0;
		};
/* End PBXSourcesBuildPhase section */

/* Begin PBXTargetDependency section */
		7170BBB91FFB4D3D00B3B900 /* PBXTargetDependency */ = {
			isa = PBXTargetDependency;
			target = 7170BBA21FFB4D3C00B3B900 /* kkt4ios */;
			targetProxy = 7170BBB81FFB4D3D00B3B900 /* PBXContainerItemProxy */;
		};
/* End PBXTargetDependency section */

/* Begin XCBuildConfiguration section */
		71004BCD1FFBD5A900BECFCC /* Debug */ = {
			isa = XCBuildConfiguration;
			buildSettings = {
				CODE_SIGN_STYLE = Automatic;
				PRODUCT_NAME = "$(TARGET_NAME)";
			};
			name = Debug;
		};
		71004BCE1FFBD5A900BECFCC /* Release */ = {
			isa = XCBuildConfiguration;
			buildSettings = {
				CODE_SIGN_STYLE = Automatic;
				PRODUCT_NAME = "$(TARGET_NAME)";
			};
			name = Release;
		};
		7170BBBE1FFB4D3D00B3B900 /* Debug */ = {
			isa = XCBuildConfiguration;
			buildSettings = {
				ALWAYS_SEARCH_USER_PATHS = NO;
				CLANG_ANALYZER_NONNULL = YES;
				CLANG_ANALYZER_NUMBER_OBJECT_CONVERSION = YES_AGGRESSIVE;
				CLANG_CXX_LANGUAGE_STANDARD = "gnu++14";
				CLANG_CXX_LIBRARY = "libc++";
				CLANG_ENABLE_MODULES = YES;
				CLANG_ENABLE_OBJC_ARC = YES;
				CLANG_WARN_BLOCK_CAPTURE_AUTORELEASING = YES;
				CLANG_WARN_BOOL_CONVERSION = YES;
				CLANG_WARN_COMMA = YES;
				CLANG_WARN_CONSTANT_CONVERSION = YES;
				CLANG_WARN_DIRECT_OBJC_ISA_USAGE = YES_ERROR;
				CLANG_WARN_DOCUMENTATION_COMMENTS = YES;
				CLANG_WARN_EMPTY_BODY = YES;
				CLANG_WARN_ENUM_CONVERSION = YES;
				CLANG_WARN_INFINITE_RECURSION = YES;
				CLANG_WARN_INT_CONVERSION = YES;
				CLANG_WARN_NON_LITERAL_NULL_CONVERSION = YES;
				CLANG_WARN_OBJC_LITERAL_CONVERSION = YES;
				CLANG_WARN_OBJC_ROOT_CLASS = YES_ERROR;
				CLANG_WARN_RANGE_LOOP_ANALYSIS = YES;
				CLANG_WARN_STRICT_PROTOTYPES = YES;
				CLANG_WARN_SUSPICIOUS_MOVE = YES;
				CLANG_WARN_UNGUARDED_AVAILABILITY = YES_AGGRESSIVE;
				CLANG_WARN_UNREACHABLE_CODE = YES;
				CLANG_WARN__DUPLICATE_METHOD_MATCH = YES;
				CODE_SIGN_IDENTITY = "iPhone Developer";
				COPY_PHASE_STRIP = NO;
				DEBUG_INFORMATION_FORMAT = dwarf;
				ENABLE_STRICT_OBJC_MSGSEND = YES;
				ENABLE_TESTABILITY = YES;
				GCC_C_LANGUAGE_STANDARD = gnu11;
				GCC_DYNAMIC_NO_PIC = NO;
				GCC_NO_COMMON_BLOCKS = YES;
				GCC_OPTIMIZATION_LEVEL = 0;
				GCC_PREPROCESSOR_DEFINITIONS = (
					"DEBUG=1",
					"$(inherited)",
				);
				GCC_WARN_64_TO_32_BIT_CONVERSION = YES;
				GCC_WARN_ABOUT_RETURN_TYPE = YES_ERROR;
				GCC_WARN_UNDECLARED_SELECTOR = YES;
				GCC_WARN_UNINITIALIZED_AUTOS = YES_AGGRESSIVE;
				GCC_WARN_UNUSED_FUNCTION = YES;
				GCC_WARN_UNUSED_VARIABLE = YES;
				IPHONEOS_DEPLOYMENT_TARGET = 10.0;
				MTL_ENABLE_DEBUG_INFO = YES;
				ONLY_ACTIVE_ARCH = YES;
				SDKROOT = iphoneos;
				SWIFT_ACTIVE_COMPILATION_CONDITIONS = DEBUG;
				SWIFT_OPTIMIZATION_LEVEL = "-Onone";
			};
			name = Debug;
		};
		7170BBBF1FFB4D3D00B3B900 /* Release */ = {
			isa = XCBuildConfiguration;
			buildSettings = {
				ALWAYS_SEARCH_USER_PATHS = NO;
				CLANG_ANALYZER_NONNULL = YES;
				CLANG_ANALYZER_NUMBER_OBJECT_CONVERSION = YES_AGGRESSIVE;
				CLANG_CXX_LANGUAGE_STANDARD = "gnu++14";
				CLANG_CXX_LIBRARY = "libc++";
				CLANG_ENABLE_MODULES = YES;
				CLANG_ENABLE_OBJC_ARC = YES;
				CLANG_WARN_BLOCK_CAPTURE_AUTORELEASING = YES;
				CLANG_WARN_BOOL_CONVERSION = YES;
				CLANG_WARN_COMMA = YES;
				CLANG_WARN_CONSTANT_CONVERSION = YES;
				CLANG_WARN_DIRECT_OBJC_ISA_USAGE = YES_ERROR;
				CLANG_WARN_DOCUMENTATION_COMMENTS = YES;
				CLANG_WARN_EMPTY_BODY = YES;
				CLANG_WARN_ENUM_CONVERSION = YES;
				CLANG_WARN_INFINITE_RECURSION = YES;
				CLANG_WARN_INT_CONVERSION = YES;
				CLANG_WARN_NON_LITERAL_NULL_CONVERSION = YES;
				CLANG_WARN_OBJC_LITERAL_CONVERSION = YES;
				CLANG_WARN_OBJC_ROOT_CLASS = YES_ERROR;
				CLANG_WARN_RANGE_LOOP_ANALYSIS = YES;
				CLANG_WARN_STRICT_PROTOTYPES = YES;
				CLANG_WARN_SUSPICIOUS_MOVE = YES;
				CLANG_WARN_UNGUARDED_AVAILABILITY = YES_AGGRESSIVE;
				CLANG_WARN_UNREACHABLE_CODE = YES;
				CLANG_WARN__DUPLICATE_METHOD_MATCH = YES;
				CODE_SIGN_IDENTITY = "iPhone Developer";
				COPY_PHASE_STRIP = NO;
				DEBUG_INFORMATION_FORMAT = "dwarf-with-dsym";
				ENABLE_NS_ASSERTIONS = NO;
				ENABLE_STRICT_OBJC_MSGSEND = YES;
				GCC_C_LANGUAGE_STANDARD = gnu11;
				GCC_NO_COMMON_BLOCKS = YES;
				GCC_WARN_64_TO_32_BIT_CONVERSION = YES;
				GCC_WARN_ABOUT_RETURN_TYPE = YES_ERROR;
				GCC_WARN_UNDECLARED_SELECTOR = YES;
				GCC_WARN_UNINITIALIZED_AUTOS = YES_AGGRESSIVE;
				GCC_WARN_UNUSED_FUNCTION = YES;
				GCC_WARN_UNUSED_VARIABLE = YES;
				IPHONEOS_DEPLOYMENT_TARGET = 10.0;
				MTL_ENABLE_DEBUG_INFO = NO;
				SDKROOT = iphoneos;
				SWIFT_OPTIMIZATION_LEVEL = "-Owholemodule";
				VALIDATE_PRODUCT = YES;
			};
			name = Release;
		};
		7170BBC11FFB4D3D00B3B900 /* Debug */ = {
			isa = XCBuildConfiguration;
			baseConfigurationReference = 5C8311124B8868CE3F928C0D /* Pods-kkt4ios.debug.xcconfig */;
			buildSettings = {
				ASSETCATALOG_COMPILER_APPICON_NAME = AppIcon;
				CODE_SIGN_STYLE = Automatic;
				DEVELOPMENT_TEAM = 75TS3YF4DH;
				INFOPLIST_FILE = kkt4ios/Info.plist;
				IPHONEOS_DEPLOYMENT_TARGET = 10.0;
				LD_RUNPATH_SEARCH_PATHS = "$(inherited) @executable_path/Frameworks";
				PRODUCT_BUNDLE_IDENTIFIER = "jp.a-azarashi.kkt4ios";
				PRODUCT_NAME = "$(TARGET_NAME)";
				SWIFT_VERSION = 4.0;
				TARGETED_DEVICE_FAMILY = 1;
			};
			name = Debug;
		};
		7170BBC21FFB4D3D00B3B900 /* Release */ = {
			isa = XCBuildConfiguration;
			baseConfigurationReference = 45DD0DA9CC208A540204E150 /* Pods-kkt4ios.release.xcconfig */;
			buildSettings = {
				ASSETCATALOG_COMPILER_APPICON_NAME = AppIcon;
				CODE_SIGN_STYLE = Automatic;
				DEVELOPMENT_TEAM = 75TS3YF4DH;
				INFOPLIST_FILE = kkt4ios/Info.plist;
				IPHONEOS_DEPLOYMENT_TARGET = 10.0;
				LD_RUNPATH_SEARCH_PATHS = "$(inherited) @executable_path/Frameworks";
				PRODUCT_BUNDLE_IDENTIFIER = "jp.a-azarashi.kkt4ios";
				PRODUCT_NAME = "$(TARGET_NAME)";
				SWIFT_VERSION = 4.0;
				TARGETED_DEVICE_FAMILY = 1;
			};
			name = Release;
		};
		7170BBC41FFB4D3D00B3B900 /* Debug */ = {
			isa = XCBuildConfiguration;
			baseConfigurationReference = 8712E67036F1DFA46E639F46 /* Pods-kkt4iosTests.debug.xcconfig */;
			buildSettings = {
				ALWAYS_EMBED_SWIFT_STANDARD_LIBRARIES = YES;
				BUNDLE_LOADER = "$(TEST_HOST)";
				CODE_SIGN_STYLE = Automatic;
				INFOPLIST_FILE = kkt4iosTests/Info.plist;
				LD_RUNPATH_SEARCH_PATHS = "$(inherited) @executable_path/Frameworks @loader_path/Frameworks";
				PRODUCT_BUNDLE_IDENTIFIER = "atelier-seal.kkt4iosTests";
				PRODUCT_NAME = "$(TARGET_NAME)";
				SWIFT_VERSION = 4.0;
				TARGETED_DEVICE_FAMILY = "1,2";
				TEST_HOST = "$(BUILT_PRODUCTS_DIR)/kkt4ios.app/kkt4ios";
			};
			name = Debug;
		};
		7170BBC51FFB4D3D00B3B900 /* Release */ = {
			isa = XCBuildConfiguration;
			baseConfigurationReference = 080C5769FD27E8363D7142D6 /* Pods-kkt4iosTests.release.xcconfig */;
			buildSettings = {
				ALWAYS_EMBED_SWIFT_STANDARD_LIBRARIES = YES;
				BUNDLE_LOADER = "$(TEST_HOST)";
				CODE_SIGN_STYLE = Automatic;
				INFOPLIST_FILE = kkt4iosTests/Info.plist;
				LD_RUNPATH_SEARCH_PATHS = "$(inherited) @executable_path/Frameworks @loader_path/Frameworks";
				PRODUCT_BUNDLE_IDENTIFIER = "atelier-seal.kkt4iosTests";
				PRODUCT_NAME = "$(TARGET_NAME)";
				SWIFT_VERSION = 4.0;
				TARGETED_DEVICE_FAMILY = "1,2";
				TEST_HOST = "$(BUILT_PRODUCTS_DIR)/kkt4ios.app/kkt4ios";
			};
			name = Release;
		};
/* End XCBuildConfiguration section */

/* Begin XCConfigurationList section */
		71004BCC1FFBD5A900BECFCC /* Build configuration list for PBXAggregateTarget "Run SwiftGen" */ = {
			isa = XCConfigurationList;
			buildConfigurations = (
				71004BCD1FFBD5A900BECFCC /* Debug */,
				71004BCE1FFBD5A900BECFCC /* Release */,
			);
			defaultConfigurationIsVisible = 0;
			defaultConfigurationName = Release;
		};
		7170BB9E1FFB4D3C00B3B900 /* Build configuration list for PBXProject "kkt4ios" */ = {
			isa = XCConfigurationList;
			buildConfigurations = (
				7170BBBE1FFB4D3D00B3B900 /* Debug */,
				7170BBBF1FFB4D3D00B3B900 /* Release */,
			);
			defaultConfigurationIsVisible = 0;
			defaultConfigurationName = Release;
		};
		7170BBC01FFB4D3D00B3B900 /* Build configuration list for PBXNativeTarget "kkt4ios" */ = {
			isa = XCConfigurationList;
			buildConfigurations = (
				7170BBC11FFB4D3D00B3B900 /* Debug */,
				7170BBC21FFB4D3D00B3B900 /* Release */,
			);
			defaultConfigurationIsVisible = 0;
			defaultConfigurationName = Release;
		};
		7170BBC31FFB4D3D00B3B900 /* Build configuration list for PBXNativeTarget "kkt4iosTests" */ = {
			isa = XCConfigurationList;
			buildConfigurations = (
				7170BBC41FFB4D3D00B3B900 /* Debug */,
				7170BBC51FFB4D3D00B3B900 /* Release */,
			);
			defaultConfigurationIsVisible = 0;
			defaultConfigurationName = Release;
		};
/* End XCConfigurationList section */
	};
	rootObject = 7170BB9B1FFB4D3C00B3B900 /* Project object */;
}
