PODS:
  - KYDrawerController (2.0.4)
  - MastodonKit (1.0.10)
  - OAuthSwift (1.2.0)
  - RxCocoa (4.1.0):
    - RxSwift (~> 4.0)
  - RxSwift (4.1.0)
  - SwiftGen (5.2.1)
  - SwiftLint (0.24.0)
  - XLPagerTabStrip (8.0.0)

DEPENDENCIES:
  - KYDrawerController (~> 2.0.4)
  - MastodonKit (~> 1.0)
  - OAuthSwift (~> 1.2.0)
  - RxCocoa (~> 4.0)
  - RxSwift (~> 4.0)
  - SwiftGen (~> 5.2)
  - SwiftLint (~> 0.24.0)
  - XLPagerTabStrip (~> 8.0)

SPEC CHECKSUMS:
  KYDrawerController: cf5839877c442132123e9d482f458821026defdf
  MastodonKit: 573c2b32491108599aef4d99addb0e13a154cd6a
  OAuthSwift: 7fd6855b8e4d58eb5a30d156ea9bed7a8aecd1ca
  RxCocoa: cc1fec49cdc8fabe645964de7c51c099a36c2aa8
  RxSwift: 4219941c1244c88002901bd87a69d3aea9ae71f0
  SwiftGen: 444b4c467e512a4812b8a800d731643fd265139e
  SwiftLint: a014c92b4664e8b13f380f8640a51bb1733778ba
  XLPagerTabStrip: d1ab378af0923320ec0b5eab11d7b2f803d31261

PODFILE CHECKSUM: f8b3c5e59bd2c92e62e997278d5ff0767efc2170

COCOAPODS: 1.3.1
